
Microsoft Visual Studio Solution File, Format Version 12.00
# Visual Studio Version 17
VisualStudioVersion = 17.8.34330.188
MinimumVisualStudioVersion = 10.0.40219.1
Project("{FAE04EC0-301F-11D3-BF4B-00C04F79EFBC}") = "Employee API", "Employee API\Employee API.csproj", "{471DE791-FE3C-4A96-A141-85BEB272E866}"
EndProject
Global
	GlobalSection(SolutionConfigurationPlatforms) = preSolution
		Debug|Any CPU = Debug|Any CPU
		Release|Any CPU = Release|Any CPU
	EndGlobalSection
	GlobalSection(ProjectConfigurationPlatforms) = postSolution
		{471DE791-FE3C-4A96-A141-85BEB272E866}.Debug|Any CPU.ActiveCfg = Debug|Any CPU
		{471DE791-FE3C-4A96-A141-85BEB272E866}.Debug|Any CPU.Build.0 = Debug|Any CPU
		{471DE791-FE3C-4A96-A141-85BEB272E866}.Release|Any CPU.ActiveCfg = Release|Any CPU
		{471DE791-FE3C-4A96-A141-85BEB272E866}.Release|Any CPU.Build.0 = Release|Any CPU
	EndGlobalSection
	GlobalSection(SolutionProperties) = preSolution
		HideSolutionNode = FALSE
	EndGlobalSection
	GlobalSection(ExtensibilityGlobals) = postSolution
		SolutionGuid = {21B9B871-4932-402B-A9D4-F50CEC70B0B5}
	EndGlobalSection
EndGlobal
